
Microsoft Visual Studio Solution File, Format Version 12.00
# Visual Studio Version 17
VisualStudioVersion = 17.3.32611.2
MinimumVisualStudioVersion = 10.0.40219.1
Project("{FAE04EC0-301F-11D3-BF4B-00C04F79EFBC}") = "Apmaciba", "Apmaciba.csproj", "{20730062-0872-4255-B124-4852498B7DBB}"
EndProject
Global
	GlobalSection(SolutionConfigurationPlatforms) = preSolution
		Debug|Any CPU = Debug|Any CPU
		Release|Any CPU = Release|Any CPU
	EndGlobalSection
	GlobalSection(ProjectConfigurationPlatforms) = postSolution
		{20730062-0872-4255-B124-4852498B7DBB}.Debug|Any CPU.ActiveCfg = Debug|Any CPU
		{20730062-0872-4255-B124-4852498B7DBB}.Debug|Any CPU.Build.0 = Debug|Any CPU
		{20730062-0872-4255-B124-4852498B7DBB}.Release|Any CPU.ActiveCfg = Release|Any CPU
		{20730062-0872-4255-B124-4852498B7DBB}.Release|Any CPU.Build.0 = Release|Any CPU
	EndGlobalSection
	GlobalSection(SolutionProperties) = preSolution
		HideSolutionNode = FALSE
	EndGlobalSection
	GlobalSection(ExtensibilityGlobals) = postSolution
		SolutionGuid = {070ED363-E9B4-4DB5-ACA7-1BDDE9C58616}
	EndGlobalSection
EndGlobal
